
Microsoft Visual Studio Solution File, Format Version 12.00
# Visual Studio 15
VisualStudioVersion = 15.0.27428.2043
MinimumVisualStudioVersion = 10.0.40219.1
Project("{FAE04EC0-301F-11D3-BF4B-00C04F79EFBC}") = "ServeThePresidentServer", "ServeThePresidentServer\ServeThePresidentServer.csproj", "{DEE68317-C78C-4338-8A19-FABACD1BD91B}"
EndProject
Project("{FAE04EC0-301F-11D3-BF4B-00C04F79EFBC}") = "ServeThePresident", "ServeThePresident\ServeThePresident.csproj", "{1EE47F57-C55D-4EAA-867E-47D08C2168BA}"
EndProject
Global
	GlobalSection(SolutionConfigurationPlatforms) = preSolution
		Debug|Any CPU = Debug|Any CPU
		Release|Any CPU = Release|Any CPU
	EndGlobalSection
	GlobalSection(ProjectConfigurationPlatforms) = postSolution
		{DEE68317-C78C-4338-8A19-FABACD1BD91B}.Debug|Any CPU.ActiveCfg = Debug|Any CPU
		{DEE68317-C78C-4338-8A19-FABACD1BD91B}.Debug|Any CPU.Build.0 = Debug|Any CPU
		{DEE68317-C78C-4338-8A19-FABACD1BD91B}.Release|Any CPU.ActiveCfg = Release|Any CPU
		{DEE68317-C78C-4338-8A19-FABACD1BD91B}.Release|Any CPU.Build.0 = Release|Any CPU
		{1EE47F57-C55D-4EAA-867E-47D08C2168BA}.Debug|Any CPU.ActiveCfg = Debug|Any CPU
		{1EE47F57-C55D-4EAA-867E-47D08C2168BA}.Debug|Any CPU.Build.0 = Debug|Any CPU
		{1EE47F57-C55D-4EAA-867E-47D08C2168BA}.Release|Any CPU.ActiveCfg = Release|Any CPU
		{1EE47F57-C55D-4EAA-867E-47D08C2168BA}.Release|Any CPU.Build.0 = Release|Any CPU
	EndGlobalSection
	GlobalSection(SolutionProperties) = preSolution
		HideSolutionNode = FALSE
	EndGlobalSection
	GlobalSection(ExtensibilityGlobals) = postSolution
		SolutionGuid = {22E88D4C-1CEC-4797-9A94-F2124921BEDC}
	EndGlobalSection
EndGlobal
