
Microsoft Visual Studio Solution File, Format Version 12.00
# Visual Studio 15
VisualStudioVersion = 15.0.27428.2043
MinimumVisualStudioVersion = 10.0.40219.1
Project("{FAE04EC0-301F-11D3-BF4B-00C04F79EFBC}") = "ServeThePresident", "ServeThePresident\ServeThePresident.csproj", "{135AED4A-5531-4291-94F7-F637D1FF6C2E}"
EndProject
Global
	GlobalSection(SolutionConfigurationPlatforms) = preSolution
		Debug|Any CPU = Debug|Any CPU
		Release|Any CPU = Release|Any CPU
	EndGlobalSection
	GlobalSection(ProjectConfigurationPlatforms) = postSolution
		{135AED4A-5531-4291-94F7-F637D1FF6C2E}.Debug|Any CPU.ActiveCfg = Debug|Any CPU
		{135AED4A-5531-4291-94F7-F637D1FF6C2E}.Debug|Any CPU.Build.0 = Debug|Any CPU
		{135AED4A-5531-4291-94F7-F637D1FF6C2E}.Release|Any CPU.ActiveCfg = Release|Any CPU
		{135AED4A-5531-4291-94F7-F637D1FF6C2E}.Release|Any CPU.Build.0 = Release|Any CPU
	EndGlobalSection
	GlobalSection(SolutionProperties) = preSolution
		HideSolutionNode = FALSE
	EndGlobalSection
	GlobalSection(ExtensibilityGlobals) = postSolution
		SolutionGuid = {22E88D4C-1CEC-4797-9A94-F2124921BEDC}
	EndGlobalSection
EndGlobal
